// !$*UTF8*$!
{
	archiveVersion = 1;
	classes = {
	};
	objectVersion = 50;
	objects = {

/* Begin PBXBuildFile section */
		D26465CE24B125F700D53058 /* AppDelegate.swift in Sources */ = {isa = PBXBuildFile; fileRef = D26465CD24B125F700D53058 /* AppDelegate.swift */; };
		D26465D024B125F700D53058 /* SceneDelegate.swift in Sources */ = {isa = PBXBuildFile; fileRef = D26465CF24B125F700D53058 /* SceneDelegate.swift */; };
		D26465D224B125F700D53058 /* ViewController.swift in Sources */ = {isa = PBXBuildFile; fileRef = D26465D124B125F700D53058 /* ViewController.swift */; };
		D26465D524B125F700D53058 /* Main.storyboard in Resources */ = {isa = PBXBuildFile; fileRef = D26465D324B125F700D53058 /* Main.storyboard */; };
		D26465D724B125F900D53058 /* Assets.xcassets in Resources */ = {isa = PBXBuildFile; fileRef = D26465D624B125F900D53058 /* Assets.xcassets */; };
		D26465DA24B125F900D53058 /* LaunchScreen.storyboard in Resources */ = {isa = PBXBuildFile; fileRef = D26465D824B125F900D53058 /* LaunchScreen.storyboard */; };
/* End PBXBuildFile section */

/* Begin PBXFileReference section */
		D26465CA24B125F700D53058 /* Sentinel Home Health.app */ = {isa = PBXFileReference; explicitFileType = wrapper.application; includeInIndex = 0; path = "Sentinel Home Health.app"; sourceTree = BUILT_PRODUCTS_DIR; };
		D26465CD24B125F700D53058 /* AppDelegate.swift */ = {isa = PBXFileReference; lastKnownFileType = sourcecode.swift; path = AppDelegate.swift; sourceTree = "<group>"; };
		D26465CF24B125F700D53058 /* SceneDelegate.swift */ = {isa = PBXFileReference; lastKnownFileType = sourcecode.swift; path = SceneDelegate.swift; sourceTree = "<group>"; };
		D26465D124B125F700D53058 /* ViewController.swift */ = {isa = PBXFileReference; lastKnownFileType = sourcecode.swift; path = ViewController.swift; sourceTree = "<group>"; };
		D26465D424B125F700D53058 /* Base */ = {isa = PBXFileReference; lastKnownFileType = file.storyboard; name = Base; path = Base.lproj/Main.storyboard; sourceTree = "<group>"; };
		D26465D624B125F900D53058 /* Assets.xcassets */ = {isa = PBXFileReference; lastKnownFileType = folder.assetcatalog; path = Assets.xcassets; sourceTree = "<group>"; };
		D26465D924B125F900D53058 /* Base */ = {isa = PBXFileReference; lastKnownFileType = file.storyboard; name = Base; path = Base.lproj/LaunchScreen.storyboard; sourceTree = "<group>"; };
		D26465DB24B125F900D53058 /* Info.plist */ = {isa = PBXFileReference; lastKnownFileType = text.plist.xml; path = Info.plist; sourceTree = "<group>"; };
/* End PBXFileReference section */

/* Begin PBXFrameworksBuildPhase section */
		D26465C724B125F700D53058 /* Frameworks */ = {
			isa = PBXFrameworksBuildPhase;
			buildActionMask = 2147483647;
			files = (
			);
			runOnlyForDeploymentPostprocessing = 0;
		};
/* End PBXFrameworksBuildPhase section */

/* Begin PBXGroup section */
		D26465C124B125F700D53058 = {
			isa = PBXGroup;
			children = (
				D26465CC24B125F700D53058 /* Sentinel Home Health */,
				D26465CB24B125F700D53058 /* Products */,
			);
			sourceTree = "<group>";
		};
		D26465CB24B125F700D53058 /* Products */ = {
			isa = PBXGroup;
			children = (
				D26465CA24B125F700D53058 /* Sentinel Home Health.app */,
			);
			name = Products;
			sourceTree = "<group>";
		};
		D26465CC24B125F700D53058 /* Sentinel Home Health */ = {
			isa = PBXGroup;
			children = (
				D26465CD24B125F700D53058 /* AppDelegate.swift */,
				D26465CF24B125F700D53058 /* SceneDelegate.swift */,
				D26465D124B125F700D53058 /* ViewController.swift */,
				D26465D324B125F700D53058 /* Main.storyboard */,
				D26465D624B125F900D53058 /* Assets.xcassets */,
				D26465D824B125F900D53058 /* LaunchScreen.storyboard */,
				D26465DB24B125F900D53058 /* Info.plist */,
			);
			path = "Sentinel Home Health";
			sourceTree = "<group>";
		};
/* End PBXGroup section */

/* Begin PBXNativeTarget section */
		D26465C924B125F700D53058 /* Sentinel Home Health */ = {
			isa = PBXNativeTarget;
			buildConfigurationList = D26465DE24B125F900D53058 /* Build configuration list for PBXNativeTarget "Sentinel Home Health" */;
			buildPhases = (
				D26465C624B125F700D53058 /* Sources */,
				D26465C724B125F700D53058 /* Frameworks */,
				D26465C824B125F700D53058 /* Resources */,
			);
			buildRules = (
			);
			dependencies = (
			);
			name = "Sentinel Home Health";
			productName = "Sentinel Home Health";
			productReference = D26465CA24B125F700D53058 /* Sentinel Home Health.app */;
			productType = "com.apple.product-type.application";
		};
/* End PBXNativeTarget section */

/* Begin PBXProject section */
		D26465C224B125F700D53058 /* Project object */ = {
			isa = PBXProject;
			attributes = {
				LastSwiftUpdateCheck = 1150;
				LastUpgradeCheck = 1150;
				ORGANIZATIONNAME = "Jasmine Black";
				TargetAttributes = {
					D26465C924B125F700D53058 = {
						CreatedOnToolsVersion = 11.5;
					};
				};
			};
			buildConfigurationList = D26465C524B125F700D53058 /* Build configuration list for PBXProject "Sentinel Home Health" */;
			compatibilityVersion = "Xcode 9.3";
			developmentRegion = en;
			hasScannedForEncodings = 0;
			knownRegions = (
				en,
				Base,
			);
			mainGroup = D26465C124B125F700D53058;
			productRefGroup = D26465CB24B125F700D53058 /* Products */;
			projectDirPath = "";
			projectRoot = "";
			targets = (
				D26465C924B125F700D53058 /* Sentinel Home Health */,
			);
		};
/* End PBXProject section */

/* Begin PBXResourcesBuildPhase section */
		D26465C824B125F700D53058 /* Resources */ = {
			isa = PBXResourcesBuildPhase;
			buildActionMask = 2147483647;
			files = (
				D26465DA24B125F900D53058 /* LaunchScreen.storyboard in Resources */,
				D26465D724B125F900D53058 /* Assets.xcassets in Resources */,
				D26465D524B125F700D53058 /* Main.storyboard in Resources */,
			);
			runOnlyForDeploymentPostprocessing = 0;
		};
/* End PBXResourcesBuildPhase section */

/* Begin PBXSourcesBuildPhase section */
		D26465C624B125F700D53058 /* Sources */ = {
			isa = PBXSourcesBuildPhase;
			buildActionMask = 2147483647;
			files = (
				D26465D224B125F700D53058 /* ViewController.swift in Sources */,
				D26465CE24B125F700D53058 /* AppDelegate.swift in Sources */,
				D26465D024B125F700D53058 /* SceneDelegate.swift in Sources */,
			);
			runOnlyForDeploymentPostprocessing = 0;
		};
/* End PBXSourcesBuildPhase section */

/* Begin PBXVariantGroup section */
		D26465D324B125F700D53058 /* Main.storyboard */ = {
			isa = PBXVariantGroup;
			children = (
				D26465D424B125F700D53058 /* Base */,
			);
			name = Main.storyboard;
			sourceTree = "<group>";
		};
		D26465D824B125F900D53058 /* LaunchScreen.storyboard */ = {
			isa = PBXVariantGroup;
			children = (
				D26465D924B125F900D53058 /* Base */,
			);
			name = LaunchScreen.storyboard;
			sourceTree = "<group>";
		};
/* End PBXVariantGroup section */

/* Begin XCBuildConfiguration section */
		D26465DC24B125F900D53058 /* Debug */ = {
			isa = XCBuildConfiguration;
			buildSettings = {
				ALWAYS_SEARCH_USER_PATHS = NO;
				CLANG_ANALYZER_NONNULL = YES;
				CLANG_ANALYZER_NUMBER_OBJECT_CONVERSION = YES_AGGRESSIVE;
				CLANG_CXX_LANGUAGE_STANDARD = "gnu++14";
				CLANG_CXX_LIBRARY = "libc++";
				CLANG_ENABLE_MODULES = YES;
				CLANG_ENABLE_OBJC_ARC = YES;
				CLANG_ENABLE_OBJC_WEAK = YES;
				CLANG_WARN_BLOCK_CAPTURE_AUTORELEASING = YES;
				CLANG_WARN_BOOL_CONVERSION = YES;
				CLANG_WARN_COMMA = YES;
				CLANG_WARN_CONSTANT_CONVERSION = YES;
				CLANG_WARN_DEPRECATED_OBJC_IMPLEMENTATIONS = YES;
				CLANG_WARN_DIRECT_OBJC_ISA_USAGE = YES_ERROR;
				CLANG_WARN_DOCUMENTATION_COMMENTS = YES;
				CLANG_WARN_EMPTY_BODY = YES;
				CLANG_WARN_ENUM_CONVERSION = YES;
				CLANG_WARN_INFINITE_RECURSION = YES;
				CLANG_WARN_INT_CONVERSION = YES;
				CLANG_WARN_NON_LITERAL_NULL_CONVERSION = YES;
				CLANG_WARN_OBJC_IMPLICIT_RETAIN_SELF = YES;
				CLANG_WARN_OBJC_LITERAL_CONVERSION = YES;
				CLANG_WARN_OBJC_ROOT_CLASS = YES_ERROR;
				CLANG_WARN_RANGE_LOOP_ANALYSIS = YES;
				CLANG_WARN_STRICT_PROTOTYPES = YES;
				CLANG_WARN_SUSPICIOUS_MOVE = YES;
				CLANG_WARN_UNGUARDED_AVAILABILITY = YES_AGGRESSIVE;
				CLANG_WARN_UNREACHABLE_CODE = YES;
				CLANG_WARN__DUPLICATE_METHOD_MATCH = YES;
				COPY_PHASE_STRIP = NO;
				DEBUG_INFORMATION_FORMAT = dwarf;
				ENABLE_STRICT_OBJC_MSGSEND = YES;
				ENABLE_TESTABILITY = YES;
				GCC_C_LANGUAGE_STANDARD = gnu11;
				GCC_DYNAMIC_NO_PIC = NO;
				GCC_NO_COMMON_BLOCKS = YES;
				GCC_OPTIMIZATION_LEVEL = 0;
				GCC_PREPROCESSOR_DEFINITIONS = (
					"DEBUG=1",
					"$(inherited)",
				);
				GCC_WARN_64_TO_32_BIT_CONVERSION = YES;
				GCC_WARN_ABOUT_RETURN_TYPE = YES_ERROR;
				GCC_WARN_UNDECLARED_SELECTOR = YES;
				GCC_WARN_UNINITIALIZED_AUTOS = YES_AGGRESSIVE;
				GCC_WARN_UNUSED_FUNCTION = YES;
				GCC_WARN_UNUSED_VARIABLE = YES;
				IPHONEOS_DEPLOYMENT_TARGET = 13.5;
				MTL_ENABLE_DEBUG_INFO = INCLUDE_SOURCE;
				MTL_FAST_MATH = YES;
				ONLY_ACTIVE_ARCH = YES;
				SDKROOT = iphoneos;
				SWIFT_ACTIVE_COMPILATION_CONDITIONS = DEBUG;
				SWIFT_OPTIMIZATION_LEVEL = "-Onone";
			};
			name = Debug;
		};
		D26465DD24B125F900D53058 /* Release */ = {
			isa = XCBuildConfiguration;
			buildSettings = {
				ALWAYS_SEARCH_USER_PATHS = NO;
				CLANG_ANALYZER_NONNULL = YES;
				CLANG_ANALYZER_NUMBER_OBJECT_CONVERSION = YES_AGGRESSIVE;
				CLANG_CXX_LANGUAGE_STANDARD = "gnu++14";
				CLANG_CXX_LIBRARY = "libc++";
				CLANG_ENABLE_MODULES = YES;
				CLANG_ENABLE_OBJC_ARC = YES;
				CLANG_ENABLE_OBJC_WEAK = YES;
				CLANG_WARN_BLOCK_CAPTURE_AUTORELEASING = YES;
				CLANG_WARN_BOOL_CONVERSION = YES;
				CLANG_WARN_COMMA = YES;
				CLANG_WARN_CONSTANT_CONVERSION = YES;
				CLANG_WARN_DEPRECATED_OBJC_IMPLEMENTATIONS = YES;
				CLANG_WARN_DIRECT_OBJC_ISA_USAGE = YES_ERROR;
				CLANG_WARN_DOCUMENTATION_COMMENTS = YES;
				CLANG_WARN_EMPTY_BODY = YES;
				CLANG_WARN_ENUM_CONVERSION = YES;
				CLANG_WARN_INFINITE_RECURSION = YES;
				CLANG_WARN_INT_CONVERSION = YES;
				CLANG_WARN_NON_LITERAL_NULL_CONVERSION = YES;
				CLANG_WARN_OBJC_IMPLICIT_RETAIN_SELF = YES;
				CLANG_WARN_OBJC_LITERAL_CONVERSION = YES;
				CLANG_WARN_OBJC_ROOT_CLASS = YES_ERROR;
				CLANG_WARN_RANGE_LOOP_ANALYSIS = YES;
				CLANG_WARN_STRICT_PROTOTYPES = YES;
				CLANG_WARN_SUSPICIOUS_MOVE = YES;
				CLANG_WARN_UNGUARDED_AVAILABILITY = YES_AGGRESSIVE;
				CLANG_WARN_UNREACHABLE_CODE = YES;
				CLANG_WARN__DUPLICATE_METHOD_MATCH = YES;
				COPY_PHASE_STRIP = NO;
				DEBUG_INFORMATION_FORMAT = "dwarf-with-dsym";
				ENABLE_NS_ASSERTIONS = NO;
				ENABLE_STRICT_OBJC_MSGSEND = YES;
				GCC_C_LANGUAGE_STANDARD = gnu11;
				GCC_NO_COMMON_BLOCKS = YES;
				GCC_WARN_64_TO_32_BIT_CONVERSION = YES;
				GCC_WARN_ABOUT_RETURN_TYPE = YES_ERROR;
				GCC_WARN_UNDECLARED_SELECTOR = YES;
				GCC_WARN_UNINITIALIZED_AUTOS = YES_AGGRESSIVE;
				GCC_WARN_UNUSED_FUNCTION = YES;
				GCC_WARN_UNUSED_VARIABLE = YES;
				IPHONEOS_DEPLOYMENT_TARGET = 13.5;
				MTL_ENABLE_DEBUG_INFO = NO;
				MTL_FAST_MATH = YES;
				SDKROOT = iphoneos;
				SWIFT_COMPILATION_MODE = wholemodule;
				SWIFT_OPTIMIZATION_LEVEL = "-O";
				VALIDATE_PRODUCT = YES;
			};
			name = Release;
		};
		D26465DF24B125F900D53058 /* Debug */ = {
			isa = XCBuildConfiguration;
			buildSettings = {
				ASSETCATALOG_COMPILER_APPICON_NAME = AppIcon;
				CODE_SIGN_STYLE = Automatic;
				DEVELOPMENT_TEAM = X48UKATCD6;
				INFOPLIST_FILE = "Sentinel Home Health/Info.plist";
				LD_RUNPATH_SEARCH_PATHS = (
					"$(inherited)",
					"@executable_path/Frameworks",
				);
				PRODUCT_BUNDLE_IDENTIFIER = "com.JasmineBlack.Sentinel-Home-Health";
				PRODUCT_NAME = "$(TARGET_NAME)";
				SWIFT_VERSION = 5.0;
				TARGETED_DEVICE_FAMILY = "1,2";
			};
			name = Debug;
		};
		D26465E024B125F900D53058 /* Release */ = {
			isa = XCBuildConfiguration;
			buildSettings = {
				ASSETCATALOG_COMPILER_APPICON_NAME = AppIcon;
				CODE_SIGN_STYLE = Automatic;
				DEVELOPMENT_TEAM = X48UKATCD6;
				INFOPLIST_FILE = "Sentinel Home Health/Info.plist";
				LD_RUNPATH_SEARCH_PATHS = (
					"$(inherited)",
					"@executable_path/Frameworks",
				);
				PRODUCT_BUNDLE_IDENTIFIER = "com.JasmineBlack.Sentinel-Home-Health";
				PRODUCT_NAME = "$(TARGET_NAME)";
				SWIFT_VERSION = 5.0;
				TARGETED_DEVICE_FAMILY = "1,2";
			};
			name = Release;
		};
/* End XCBuildConfiguration section */

/* Begin XCConfigurationList section */
		D26465C524B125F700D53058 /* Build configuration list for PBXProject "Sentinel Home Health" */ = {
			isa = XCConfigurationList;
			buildConfigurations = (
				D26465DC24B125F900D53058 /* Debug */,
				D26465DD24B125F900D53058 /* Release */,
			);
			defaultConfigurationIsVisible = 0;
			defaultConfigurationName = Release;
		};
		D26465DE24B125F900D53058 /* Build configuration list for PBXNativeTarget "Sentinel Home Health" */ = {
			isa = XCConfigurationList;
			buildConfigurations = (
				D26465DF24B125F900D53058 /* Debug */,
				D26465E024B125F900D53058 /* Release */,
			);
			defaultConfigurationIsVisible = 0;
			defaultConfigurationName = Release;
		};
/* End XCConfigurationList section */
	};
	rootObject = D26465C224B125F700D53058 /* Project object */;
}
